
Microsoft Visual Studio Solution File, Format Version 12.00
# Visual Studio Version 16
VisualStudioVersion = 16.0.31410.357
MinimumVisualStudioVersion = 10.0.40219.1
Project("{9A19103F-16F7-4668-BE54-9A1E7A4F7556}") = "BlazingPizza.Server", "BlazingPizza\Server\BlazingPizza.Server.csproj", "{C055003D-760B-42FE-B54A-88A2B79DD9BE}"
EndProject
Project("{9A19103F-16F7-4668-BE54-9A1E7A4F7556}") = "BlazingPizza.Client", "BlazingPizza\Client\BlazingPizza.Client.csproj", "{9DD6A1F7-CE21-4E7B-AE26-849B519161E1}"
EndProject
Project("{9A19103F-16F7-4668-BE54-9A1E7A4F7556}") = "BlazingPizza.Shared", "BlazingPizza\Shared\BlazingPizza.Shared.csproj", "{6D732BFD-34A3-482E-9468-556019D9CD41}"
EndProject
Project("{9A19103F-16F7-4668-BE54-9A1E7A4F7556}") = "BlazingPizza.ComponentsLibrary", "BlazingPizza.ComponentsLibrary\BlazingPizza.ComponentsLibrary.csproj", "{85135C45-09B3-478D-9C5B-34C2306AA237}"
EndProject
Global
	GlobalSection(SolutionConfigurationPlatforms) = preSolution
		Debug|Any CPU = Debug|Any CPU
		Release|Any CPU = Release|Any CPU
	EndGlobalSection
	GlobalSection(ProjectConfigurationPlatforms) = postSolution
		{C055003D-760B-42FE-B54A-88A2B79DD9BE}.Debug|Any CPU.ActiveCfg = Debug|Any CPU
		{C055003D-760B-42FE-B54A-88A2B79DD9BE}.Debug|Any CPU.Build.0 = Debug|Any CPU
		{C055003D-760B-42FE-B54A-88A2B79DD9BE}.Release|Any CPU.ActiveCfg = Release|Any CPU
		{C055003D-760B-42FE-B54A-88A2B79DD9BE}.Release|Any CPU.Build.0 = Release|Any CPU
		{9DD6A1F7-CE21-4E7B-AE26-849B519161E1}.Debug|Any CPU.ActiveCfg = Debug|Any CPU
		{9DD6A1F7-CE21-4E7B-AE26-849B519161E1}.Debug|Any CPU.Build.0 = Debug|Any CPU
		{9DD6A1F7-CE21-4E7B-AE26-849B519161E1}.Release|Any CPU.ActiveCfg = Release|Any CPU
		{9DD6A1F7-CE21-4E7B-AE26-849B519161E1}.Release|Any CPU.Build.0 = Release|Any CPU
		{6D732BFD-34A3-482E-9468-556019D9CD41}.Debug|Any CPU.ActiveCfg = Debug|Any CPU
		{6D732BFD-34A3-482E-9468-556019D9CD41}.Debug|Any CPU.Build.0 = Debug|Any CPU
		{6D732BFD-34A3-482E-9468-556019D9CD41}.Release|Any CPU.ActiveCfg = Release|Any CPU
		{6D732BFD-34A3-482E-9468-556019D9CD41}.Release|Any CPU.Build.0 = Release|Any CPU
		{85135C45-09B3-478D-9C5B-34C2306AA237}.Debug|Any CPU.ActiveCfg = Debug|Any CPU
		{85135C45-09B3-478D-9C5B-34C2306AA237}.Debug|Any CPU.Build.0 = Debug|Any CPU
		{85135C45-09B3-478D-9C5B-34C2306AA237}.Release|Any CPU.ActiveCfg = Release|Any CPU
		{85135C45-09B3-478D-9C5B-34C2306AA237}.Release|Any CPU.Build.0 = Release|Any CPU
	EndGlobalSection
	GlobalSection(SolutionProperties) = preSolution
		HideSolutionNode = FALSE
	EndGlobalSection
	GlobalSection(ExtensibilityGlobals) = postSolution
		SolutionGuid = {B3A26F93-6B83-434D-B3FB-E14D0F5B3661}
	EndGlobalSection
EndGlobal
